
Microsoft Visual Studio Solution File, Format Version 12.00
# Visual Studio 14
VisualStudioVersion = 14.0.25123.0
MinimumVisualStudioVersion = 10.0.40219.1
Project("{FAE04EC0-301F-11D3-BF4B-00C04F79EFBC}") = "fsRemote.Droid", "fsRemote\fsRemote.Droid\fsRemote.Droid.csproj", "{3F1BB054-8DEC-451B-8A47-DD65776BC93E}"
EndProject
Project("{FAE04EC0-301F-11D3-BF4B-00C04F79EFBC}") = "fsRemote.iOS", "fsRemote\fsRemote.iOS\fsRemote.iOS.csproj", "{FE12F04F-A459-4091-AC51-0062DAECF9A0}"
EndProject
Project("{FAE04EC0-301F-11D3-BF4B-00C04F79EFBC}") = "fsRemote.UWP", "fsRemote\fsRemote.UWP\fsRemote.UWP.csproj", "{00F9AA1B-969C-4264-B856-999290E1CF52}"
EndProject
Project("{FAE04EC0-301F-11D3-BF4B-00C04F79EFBC}") = "fsRemote.Windows", "fsRemote\fsRemote.Windows\fsRemote.Windows.csproj", "{61189A96-1074-4FA5-81C3-5C5C1A4F4111}"
EndProject
Project("{FAE04EC0-301F-11D3-BF4B-00C04F79EFBC}") = "fsRemote.WinPhone", "fsRemote\fsRemote.WinPhone\fsRemote.WinPhone.csproj", "{BAF6E464-71E7-45AC-9A1B-31DC84CDFE10}"
EndProject
Project("{D954291E-2A0B-460D-934E-DC6B0785DB48}") = "fsRemote.Shared", "fsRemote\fsRemote.Shared\fsRemote.Shared.shproj", "{9893F8A6-9BAB-4F15-BCFF-8586A9F26CF3}"
EndProject
Global
	GlobalSection(SharedMSBuildProjectFiles) = preSolution
		fsRemote\fsRemote.Shared\fsRemote.Shared.projitems*{9893f8a6-9bab-4f15-bcff-8586a9f26cf3}*SharedItemsImports = 13
		fsRemote\fsRemote.Shared\fsRemote.Shared.projitems*{baf6e464-71e7-45ac-9a1b-31dc84cdfe10}*SharedItemsImports = 4
		fsRemote\fsRemote.Shared\fsRemote.Shared.projitems*{00f9aa1b-969c-4264-b856-999290e1cf52}*SharedItemsImports = 4
		fsRemote\fsRemote.Shared\fsRemote.Shared.projitems*{61189a96-1074-4fa5-81c3-5c5c1a4f4111}*SharedItemsImports = 4
		fsRemote\fsRemote.Shared\fsRemote.Shared.projitems*{3f1bb054-8dec-451b-8a47-dd65776bc93e}*SharedItemsImports = 4
	EndGlobalSection
	GlobalSection(SolutionConfigurationPlatforms) = preSolution
		Ad-Hoc|Any CPU = Ad-Hoc|Any CPU
		Ad-Hoc|ARM = Ad-Hoc|ARM
		Ad-Hoc|iPhone = Ad-Hoc|iPhone
		Ad-Hoc|iPhoneSimulator = Ad-Hoc|iPhoneSimulator
		Ad-Hoc|x64 = Ad-Hoc|x64
		Ad-Hoc|x86 = Ad-Hoc|x86
		AppStore|Any CPU = AppStore|Any CPU
		AppStore|ARM = AppStore|ARM
		AppStore|iPhone = AppStore|iPhone
		AppStore|iPhoneSimulator = AppStore|iPhoneSimulator
		AppStore|x64 = AppStore|x64
		AppStore|x86 = AppStore|x86
		Debug|Any CPU = Debug|Any CPU
		Debug|ARM = Debug|ARM
		Debug|iPhone = Debug|iPhone
		Debug|iPhoneSimulator = Debug|iPhoneSimulator
		Debug|x64 = Debug|x64
		Debug|x86 = Debug|x86
		Release|Any CPU = Release|Any CPU
		Release|ARM = Release|ARM
		Release|iPhone = Release|iPhone
		Release|iPhoneSimulator = Release|iPhoneSimulator
		Release|x64 = Release|x64
		Release|x86 = Release|x86
	EndGlobalSection
	GlobalSection(ProjectConfigurationPlatforms) = postSolution
		{3F1BB054-8DEC-451B-8A47-DD65776BC93E}.Ad-Hoc|Any CPU.ActiveCfg = Release|Any CPU
		{3F1BB054-8DEC-451B-8A47-DD65776BC93E}.Ad-Hoc|Any CPU.Build.0 = Release|Any CPU
		{3F1BB054-8DEC-451B-8A47-DD65776BC93E}.Ad-Hoc|Any CPU.Deploy.0 = Release|Any CPU
		{3F1BB054-8DEC-451B-8A47-DD65776BC93E}.Ad-Hoc|ARM.ActiveCfg = Release|Any CPU
		{3F1BB054-8DEC-451B-8A47-DD65776BC93E}.Ad-Hoc|ARM.Build.0 = Release|Any CPU
		{3F1BB054-8DEC-451B-8A47-DD65776BC93E}.Ad-Hoc|ARM.Deploy.0 = Release|Any CPU
		{3F1BB054-8DEC-451B-8A47-DD65776BC93E}.Ad-Hoc|iPhone.ActiveCfg = Release|Any CPU
		{3F1BB054-8DEC-451B-8A47-DD65776BC93E}.Ad-Hoc|iPhone.Build.0 = Release|Any CPU
		{3F1BB054-8DEC-451B-8A47-DD65776BC93E}.Ad-Hoc|iPhone.Deploy.0 = Release|Any CPU
		{3F1BB054-8DEC-451B-8A47-DD65776BC93E}.Ad-Hoc|iPhoneSimulator.ActiveCfg = Release|Any CPU
		{3F1BB054-8DEC-451B-8A47-DD65776BC93E}.Ad-Hoc|iPhoneSimulator.Build.0 = Release|Any CPU
		{3F1BB054-8DEC-451B-8A47-DD65776BC93E}.Ad-Hoc|iPhoneSimulator.Deploy.0 = Release|Any CPU
		{3F1BB054-8DEC-451B-8A47-DD65776BC93E}.Ad-Hoc|x64.ActiveCfg = Release|Any CPU
		{3F1BB054-8DEC-451B-8A47-DD65776BC93E}.Ad-Hoc|x64.Build.0 = Release|Any CPU
		{3F1BB054-8DEC-451B-8A47-DD65776BC93E}.Ad-Hoc|x64.Deploy.0 = Release|Any CPU
		{3F1BB054-8DEC-451B-8A47-DD65776BC93E}.Ad-Hoc|x86.ActiveCfg = Release|Any CPU
		{3F1BB054-8DEC-451B-8A47-DD65776BC93E}.Ad-Hoc|x86.Build.0 = Release|Any CPU
		{3F1BB054-8DEC-451B-8A47-DD65776BC93E}.Ad-Hoc|x86.Deploy.0 = Release|Any CPU
		{3F1BB054-8DEC-451B-8A47-DD65776BC93E}.AppStore|Any CPU.ActiveCfg = Release|Any CPU
		{3F1BB054-8DEC-451B-8A47-DD65776BC93E}.AppStore|Any CPU.Build.0 = Release|Any CPU
		{3F1BB054-8DEC-451B-8A47-DD65776BC93E}.AppStore|Any CPU.Deploy.0 = Release|Any CPU
		{3F1BB054-8DEC-451B-8A47-DD65776BC93E}.AppStore|ARM.ActiveCfg = Release|Any CPU
		{3F1BB054-8DEC-451B-8A47-DD65776BC93E}.AppStore|ARM.Build.0 = Release|Any CPU
		{3F1BB054-8DEC-451B-8A47-DD65776BC93E}.AppStore|ARM.Deploy.0 = Release|Any CPU
		{3F1BB054-8DEC-451B-8A47-DD65776BC93E}.AppStore|iPhone.ActiveCfg = Release|Any CPU
		{3F1BB054-8DEC-451B-8A47-DD65776BC93E}.AppStore|iPhone.Build.0 = Release|Any CPU
		{3F1BB054-8DEC-451B-8A47-DD65776BC93E}.AppStore|iPhone.Deploy.0 = Release|Any CPU
		{3F1BB054-8DEC-451B-8A47-DD65776BC93E}.AppStore|iPhoneSimulator.ActiveCfg = Release|Any CPU
		{3F1BB054-8DEC-451B-8A47-DD65776BC93E}.AppStore|iPhoneSimulator.Build.0 = Release|Any CPU
		{3F1BB054-8DEC-451B-8A47-DD65776BC93E}.AppStore|iPhoneSimulator.Deploy.0 = Release|Any CPU
		{3F1BB054-8DEC-451B-8A47-DD65776BC93E}.AppStore|x64.ActiveCfg = Release|Any CPU
		{3F1BB054-8DEC-451B-8A47-DD65776BC93E}.AppStore|x64.Build.0 = Release|Any CPU
		{3F1BB054-8DEC-451B-8A47-DD65776BC93E}.AppStore|x64.Deploy.0 = Release|Any CPU
		{3F1BB054-8DEC-451B-8A47-DD65776BC93E}.AppStore|x86.ActiveCfg = Release|Any CPU
		{3F1BB054-8DEC-451B-8A47-DD65776BC93E}.AppStore|x86.Build.0 = Release|Any CPU
		{3F1BB054-8DEC-451B-8A47-DD65776BC93E}.AppStore|x86.Deploy.0 = Release|Any CPU
		{3F1BB054-8DEC-451B-8A47-DD65776BC93E}.Debug|Any CPU.ActiveCfg = Debug|Any CPU
		{3F1BB054-8DEC-451B-8A47-DD65776BC93E}.Debug|Any CPU.Build.0 = Debug|Any CPU
		{3F1BB054-8DEC-451B-8A47-DD65776BC93E}.Debug|Any CPU.Deploy.0 = Debug|Any CPU
		{3F1BB054-8DEC-451B-8A47-DD65776BC93E}.Debug|ARM.ActiveCfg = Debug|Any CPU
		{3F1BB054-8DEC-451B-8A47-DD65776BC93E}.Debug|ARM.Build.0 = Debug|Any CPU
		{3F1BB054-8DEC-451B-8A47-DD65776BC93E}.Debug|ARM.Deploy.0 = Debug|Any CPU
		{3F1BB054-8DEC-451B-8A47-DD65776BC93E}.Debug|iPhone.ActiveCfg = Debug|Any CPU
		{3F1BB054-8DEC-451B-8A47-DD65776BC93E}.Debug|iPhone.Build.0 = Debug|Any CPU
		{3F1BB054-8DEC-451B-8A47-DD65776BC93E}.Debug|iPhone.Deploy.0 = Debug|Any CPU
		{3F1BB054-8DEC-451B-8A47-DD65776BC93E}.Debug|iPhoneSimulator.ActiveCfg = Debug|Any CPU
		{3F1BB054-8DEC-451B-8A47-DD65776BC93E}.Debug|iPhoneSimulator.Build.0 = Debug|Any CPU
		{3F1BB054-8DEC-451B-8A47-DD65776BC93E}.Debug|iPhoneSimulator.Deploy.0 = Debug|Any CPU
		{3F1BB054-8DEC-451B-8A47-DD65776BC93E}.Debug|x64.ActiveCfg = Debug|Any CPU
		{3F1BB054-8DEC-451B-8A47-DD65776BC93E}.Debug|x64.Build.0 = Debug|Any CPU
		{3F1BB054-8DEC-451B-8A47-DD65776BC93E}.Debug|x64.Deploy.0 = Debug|Any CPU
		{3F1BB054-8DEC-451B-8A47-DD65776BC93E}.Debug|x86.ActiveCfg = Debug|Any CPU
		{3F1BB054-8DEC-451B-8A47-DD65776BC93E}.Debug|x86.Build.0 = Debug|Any CPU
		{3F1BB054-8DEC-451B-8A47-DD65776BC93E}.Debug|x86.Deploy.0 = Debug|Any CPU
		{3F1BB054-8DEC-451B-8A47-DD65776BC93E}.Release|Any CPU.ActiveCfg = Release|Any CPU
		{3F1BB054-8DEC-451B-8A47-DD65776BC93E}.Release|Any CPU.Build.0 = Release|Any CPU
		{3F1BB054-8DEC-451B-8A47-DD65776BC93E}.Release|Any CPU.Deploy.0 = Release|Any CPU
		{3F1BB054-8DEC-451B-8A47-DD65776BC93E}.Release|ARM.ActiveCfg = Release|Any CPU
		{3F1BB054-8DEC-451B-8A47-DD65776BC93E}.Release|ARM.Build.0 = Release|Any CPU
		{3F1BB054-8DEC-451B-8A47-DD65776BC93E}.Release|ARM.Deploy.0 = Release|Any CPU
		{3F1BB054-8DEC-451B-8A47-DD65776BC93E}.Release|iPhone.ActiveCfg = Release|Any CPU
		{3F1BB054-8DEC-451B-8A47-DD65776BC93E}.Release|iPhone.Build.0 = Release|Any CPU
		{3F1BB054-8DEC-451B-8A47-DD65776BC93E}.Release|iPhone.Deploy.0 = Release|Any CPU
		{3F1BB054-8DEC-451B-8A47-DD65776BC93E}.Release|iPhoneSimulator.ActiveCfg = Release|Any CPU
		{3F1BB054-8DEC-451B-8A47-DD65776BC93E}.Release|iPhoneSimulator.Build.0 = Release|Any CPU
		{3F1BB054-8DEC-451B-8A47-DD65776BC93E}.Release|iPhoneSimulator.Deploy.0 = Release|Any CPU
		{3F1BB054-8DEC-451B-8A47-DD65776BC93E}.Release|x64.ActiveCfg = Release|Any CPU
		{3F1BB054-8DEC-451B-8A47-DD65776BC93E}.Release|x64.Build.0 = Release|Any CPU
		{3F1BB054-8DEC-451B-8A47-DD65776BC93E}.Release|x64.Deploy.0 = Release|Any CPU
		{3F1BB054-8DEC-451B-8A47-DD65776BC93E}.Release|x86.ActiveCfg = Release|Any CPU
		{3F1BB054-8DEC-451B-8A47-DD65776BC93E}.Release|x86.Build.0 = Release|Any CPU
		{3F1BB054-8DEC-451B-8A47-DD65776BC93E}.Release|x86.Deploy.0 = Release|Any CPU
		{FE12F04F-A459-4091-AC51-0062DAECF9A0}.Ad-Hoc|Any CPU.ActiveCfg = Ad-Hoc|iPhone
		{FE12F04F-A459-4091-AC51-0062DAECF9A0}.Ad-Hoc|ARM.ActiveCfg = Ad-Hoc|iPhone
		{FE12F04F-A459-4091-AC51-0062DAECF9A0}.Ad-Hoc|iPhone.ActiveCfg = Ad-Hoc|iPhone
		{FE12F04F-A459-4091-AC51-0062DAECF9A0}.Ad-Hoc|iPhone.Build.0 = Ad-Hoc|iPhone
		{FE12F04F-A459-4091-AC51-0062DAECF9A0}.Ad-Hoc|iPhoneSimulator.ActiveCfg = Ad-Hoc|iPhoneSimulator
		{FE12F04F-A459-4091-AC51-0062DAECF9A0}.Ad-Hoc|iPhoneSimulator.Build.0 = Ad-Hoc|iPhoneSimulator
		{FE12F04F-A459-4091-AC51-0062DAECF9A0}.Ad-Hoc|x64.ActiveCfg = Ad-Hoc|iPhone
		{FE12F04F-A459-4091-AC51-0062DAECF9A0}.Ad-Hoc|x86.ActiveCfg = Ad-Hoc|iPhone
		{FE12F04F-A459-4091-AC51-0062DAECF9A0}.AppStore|Any CPU.ActiveCfg = AppStore|iPhone
		{FE12F04F-A459-4091-AC51-0062DAECF9A0}.AppStore|ARM.ActiveCfg = AppStore|iPhone
		{FE12F04F-A459-4091-AC51-0062DAECF9A0}.AppStore|iPhone.ActiveCfg = AppStore|iPhone
		{FE12F04F-A459-4091-AC51-0062DAECF9A0}.AppStore|iPhone.Build.0 = AppStore|iPhone
		{FE12F04F-A459-4091-AC51-0062DAECF9A0}.AppStore|iPhoneSimulator.ActiveCfg = AppStore|iPhoneSimulator
		{FE12F04F-A459-4091-AC51-0062DAECF9A0}.AppStore|iPhoneSimulator.Build.0 = AppStore|iPhoneSimulator
		{FE12F04F-A459-4091-AC51-0062DAECF9A0}.AppStore|x64.ActiveCfg = AppStore|iPhone
		{FE12F04F-A459-4091-AC51-0062DAECF9A0}.AppStore|x86.ActiveCfg = AppStore|iPhone
		{FE12F04F-A459-4091-AC51-0062DAECF9A0}.Debug|Any CPU.ActiveCfg = Debug|iPhone
		{FE12F04F-A459-4091-AC51-0062DAECF9A0}.Debug|ARM.ActiveCfg = Debug|iPhone
		{FE12F04F-A459-4091-AC51-0062DAECF9A0}.Debug|iPhone.ActiveCfg = Debug|iPhone
		{FE12F04F-A459-4091-AC51-0062DAECF9A0}.Debug|iPhone.Build.0 = Debug|iPhone
		{FE12F04F-A459-4091-AC51-0062DAECF9A0}.Debug|iPhoneSimulator.ActiveCfg = Debug|iPhoneSimulator
		{FE12F04F-A459-4091-AC51-0062DAECF9A0}.Debug|iPhoneSimulator.Build.0 = Debug|iPhoneSimulator
		{FE12F04F-A459-4091-AC51-0062DAECF9A0}.Debug|x64.ActiveCfg = Debug|iPhone
		{FE12F04F-A459-4091-AC51-0062DAECF9A0}.Debug|x86.ActiveCfg = Debug|iPhone
		{FE12F04F-A459-4091-AC51-0062DAECF9A0}.Release|Any CPU.ActiveCfg = Release|iPhone
		{FE12F04F-A459-4091-AC51-0062DAECF9A0}.Release|ARM.ActiveCfg = Release|iPhone
		{FE12F04F-A459-4091-AC51-0062DAECF9A0}.Release|iPhone.ActiveCfg = Release|iPhone
		{FE12F04F-A459-4091-AC51-0062DAECF9A0}.Release|iPhone.Build.0 = Release|iPhone
		{FE12F04F-A459-4091-AC51-0062DAECF9A0}.Release|iPhoneSimulator.ActiveCfg = Release|iPhoneSimulator
		{FE12F04F-A459-4091-AC51-0062DAECF9A0}.Release|iPhoneSimulator.Build.0 = Release|iPhoneSimulator
		{FE12F04F-A459-4091-AC51-0062DAECF9A0}.Release|x64.ActiveCfg = Release|iPhone
		{FE12F04F-A459-4091-AC51-0062DAECF9A0}.Release|x86.ActiveCfg = Release|iPhone
		{00F9AA1B-969C-4264-B856-999290E1CF52}.Ad-Hoc|Any CPU.ActiveCfg = Release|x86
		{00F9AA1B-969C-4264-B856-999290E1CF52}.Ad-Hoc|Any CPU.Build.0 = Release|x86
		{00F9AA1B-969C-4264-B856-999290E1CF52}.Ad-Hoc|Any CPU.Deploy.0 = Release|x86
		{00F9AA1B-969C-4264-B856-999290E1CF52}.Ad-Hoc|ARM.ActiveCfg = Release|ARM
		{00F9AA1B-969C-4264-B856-999290E1CF52}.Ad-Hoc|ARM.Build.0 = Release|ARM
		{00F9AA1B-969C-4264-B856-999290E1CF52}.Ad-Hoc|ARM.Deploy.0 = Release|ARM
		{00F9AA1B-969C-4264-B856-999290E1CF52}.Ad-Hoc|iPhone.ActiveCfg = Release|x86
		{00F9AA1B-969C-4264-B856-999290E1CF52}.Ad-Hoc|iPhone.Build.0 = Release|x86
		{00F9AA1B-969C-4264-B856-999290E1CF52}.Ad-Hoc|iPhone.Deploy.0 = Release|x86
		{00F9AA1B-969C-4264-B856-999290E1CF52}.Ad-Hoc|iPhoneSimulator.ActiveCfg = Release|x86
		{00F9AA1B-969C-4264-B856-999290E1CF52}.Ad-Hoc|iPhoneSimulator.Build.0 = Release|x86
		{00F9AA1B-969C-4264-B856-999290E1CF52}.Ad-Hoc|iPhoneSimulator.Deploy.0 = Release|x86
		{00F9AA1B-969C-4264-B856-999290E1CF52}.Ad-Hoc|x64.ActiveCfg = Release|x64
		{00F9AA1B-969C-4264-B856-999290E1CF52}.Ad-Hoc|x64.Build.0 = Release|x64
		{00F9AA1B-969C-4264-B856-999290E1CF52}.Ad-Hoc|x64.Deploy.0 = Release|x64
		{00F9AA1B-969C-4264-B856-999290E1CF52}.Ad-Hoc|x86.ActiveCfg = Release|x86
		{00F9AA1B-969C-4264-B856-999290E1CF52}.Ad-Hoc|x86.Build.0 = Release|x86
		{00F9AA1B-969C-4264-B856-999290E1CF52}.Ad-Hoc|x86.Deploy.0 = Release|x86
		{00F9AA1B-969C-4264-B856-999290E1CF52}.AppStore|Any CPU.ActiveCfg = Release|x86
		{00F9AA1B-969C-4264-B856-999290E1CF52}.AppStore|Any CPU.Build.0 = Release|x86
		{00F9AA1B-969C-4264-B856-999290E1CF52}.AppStore|Any CPU.Deploy.0 = Release|x86
		{00F9AA1B-969C-4264-B856-999290E1CF52}.AppStore|ARM.ActiveCfg = Release|ARM
		{00F9AA1B-969C-4264-B856-999290E1CF52}.AppStore|ARM.Build.0 = Release|ARM
		{00F9AA1B-969C-4264-B856-999290E1CF52}.AppStore|ARM.Deploy.0 = Release|ARM
		{00F9AA1B-969C-4264-B856-999290E1CF52}.AppStore|iPhone.ActiveCfg = Release|x86
		{00F9AA1B-969C-4264-B856-999290E1CF52}.AppStore|iPhone.Build.0 = Release|x86
		{00F9AA1B-969C-4264-B856-999290E1CF52}.AppStore|iPhone.Deploy.0 = Release|x86
		{00F9AA1B-969C-4264-B856-999290E1CF52}.AppStore|iPhoneSimulator.ActiveCfg = Release|x86
		{00F9AA1B-969C-4264-B856-999290E1CF52}.AppStore|iPhoneSimulator.Build.0 = Release|x86
		{00F9AA1B-969C-4264-B856-999290E1CF52}.AppStore|iPhoneSimulator.Deploy.0 = Release|x86
		{00F9AA1B-969C-4264-B856-999290E1CF52}.AppStore|x64.ActiveCfg = Release|x64
		{00F9AA1B-969C-4264-B856-999290E1CF52}.AppStore|x64.Build.0 = Release|x64
		{00F9AA1B-969C-4264-B856-999290E1CF52}.AppStore|x64.Deploy.0 = Release|x64
		{00F9AA1B-969C-4264-B856-999290E1CF52}.AppStore|x86.ActiveCfg = Release|x86
		{00F9AA1B-969C-4264-B856-999290E1CF52}.AppStore|x86.Build.0 = Release|x86
		{00F9AA1B-969C-4264-B856-999290E1CF52}.AppStore|x86.Deploy.0 = Release|x86
		{00F9AA1B-969C-4264-B856-999290E1CF52}.Debug|Any CPU.ActiveCfg = Debug|x86
		{00F9AA1B-969C-4264-B856-999290E1CF52}.Debug|ARM.ActiveCfg = Debug|ARM
		{00F9AA1B-969C-4264-B856-999290E1CF52}.Debug|ARM.Build.0 = Debug|ARM
		{00F9AA1B-969C-4264-B856-999290E1CF52}.Debug|ARM.Deploy.0 = Debug|ARM
		{00F9AA1B-969C-4264-B856-999290E1CF52}.Debug|iPhone.ActiveCfg = Debug|x86
		{00F9AA1B-969C-4264-B856-999290E1CF52}.Debug|iPhoneSimulator.ActiveCfg = Debug|x86
		{00F9AA1B-969C-4264-B856-999290E1CF52}.Debug|x64.ActiveCfg = Debug|x64
		{00F9AA1B-969C-4264-B856-999290E1CF52}.Debug|x64.Build.0 = Debug|x64
		{00F9AA1B-969C-4264-B856-999290E1CF52}.Debug|x64.Deploy.0 = Debug|x64
		{00F9AA1B-969C-4264-B856-999290E1CF52}.Debug|x86.ActiveCfg = Debug|x86
		{00F9AA1B-969C-4264-B856-999290E1CF52}.Debug|x86.Build.0 = Debug|x86
		{00F9AA1B-969C-4264-B856-999290E1CF52}.Debug|x86.Deploy.0 = Debug|x86
		{00F9AA1B-969C-4264-B856-999290E1CF52}.Release|Any CPU.ActiveCfg = Release|x86
		{00F9AA1B-969C-4264-B856-999290E1CF52}.Release|ARM.ActiveCfg = Release|ARM
		{00F9AA1B-969C-4264-B856-999290E1CF52}.Release|ARM.Build.0 = Release|ARM
		{00F9AA1B-969C-4264-B856-999290E1CF52}.Release|ARM.Deploy.0 = Release|ARM
		{00F9AA1B-969C-4264-B856-999290E1CF52}.Release|iPhone.ActiveCfg = Release|x86
		{00F9AA1B-969C-4264-B856-999290E1CF52}.Release|iPhoneSimulator.ActiveCfg = Release|x86
		{00F9AA1B-969C-4264-B856-999290E1CF52}.Release|x64.ActiveCfg = Release|x64
		{00F9AA1B-969C-4264-B856-999290E1CF52}.Release|x64.Build.0 = Release|x64
		{00F9AA1B-969C-4264-B856-999290E1CF52}.Release|x64.Deploy.0 = Release|x64
		{00F9AA1B-969C-4264-B856-999290E1CF52}.Release|x86.ActiveCfg = Release|x86
		{00F9AA1B-969C-4264-B856-999290E1CF52}.Release|x86.Build.0 = Release|x86
		{00F9AA1B-969C-4264-B856-999290E1CF52}.Release|x86.Deploy.0 = Release|x86
		{61189A96-1074-4FA5-81C3-5C5C1A4F4111}.Ad-Hoc|Any CPU.ActiveCfg = Release|Any CPU
		{61189A96-1074-4FA5-81C3-5C5C1A4F4111}.Ad-Hoc|Any CPU.Build.0 = Release|Any CPU
		{61189A96-1074-4FA5-81C3-5C5C1A4F4111}.Ad-Hoc|Any CPU.Deploy.0 = Release|Any CPU
		{61189A96-1074-4FA5-81C3-5C5C1A4F4111}.Ad-Hoc|ARM.ActiveCfg = Release|ARM
		{61189A96-1074-4FA5-81C3-5C5C1A4F4111}.Ad-Hoc|ARM.Build.0 = Release|ARM
		{61189A96-1074-4FA5-81C3-5C5C1A4F4111}.Ad-Hoc|ARM.Deploy.0 = Release|ARM
		{61189A96-1074-4FA5-81C3-5C5C1A4F4111}.Ad-Hoc|iPhone.ActiveCfg = Release|Any CPU
		{61189A96-1074-4FA5-81C3-5C5C1A4F4111}.Ad-Hoc|iPhone.Build.0 = Release|Any CPU
		{61189A96-1074-4FA5-81C3-5C5C1A4F4111}.Ad-Hoc|iPhone.Deploy.0 = Release|Any CPU
		{61189A96-1074-4FA5-81C3-5C5C1A4F4111}.Ad-Hoc|iPhoneSimulator.ActiveCfg = Release|Any CPU
		{61189A96-1074-4FA5-81C3-5C5C1A4F4111}.Ad-Hoc|iPhoneSimulator.Build.0 = Release|Any CPU
		{61189A96-1074-4FA5-81C3-5C5C1A4F4111}.Ad-Hoc|iPhoneSimulator.Deploy.0 = Release|Any CPU
		{61189A96-1074-4FA5-81C3-5C5C1A4F4111}.Ad-Hoc|x64.ActiveCfg = Release|x64
		{61189A96-1074-4FA5-81C3-5C5C1A4F4111}.Ad-Hoc|x64.Build.0 = Release|x64
		{61189A96-1074-4FA5-81C3-5C5C1A4F4111}.Ad-Hoc|x64.Deploy.0 = Release|x64
		{61189A96-1074-4FA5-81C3-5C5C1A4F4111}.Ad-Hoc|x86.ActiveCfg = Release|x86
		{61189A96-1074-4FA5-81C3-5C5C1A4F4111}.Ad-Hoc|x86.Build.0 = Release|x86
		{61189A96-1074-4FA5-81C3-5C5C1A4F4111}.Ad-Hoc|x86.Deploy.0 = Release|x86
		{61189A96-1074-4FA5-81C3-5C5C1A4F4111}.AppStore|Any CPU.ActiveCfg = Release|Any CPU
		{61189A96-1074-4FA5-81C3-5C5C1A4F4111}.AppStore|Any CPU.Build.0 = Release|Any CPU
		{61189A96-1074-4FA5-81C3-5C5C1A4F4111}.AppStore|Any CPU.Deploy.0 = Release|Any CPU
		{61189A96-1074-4FA5-81C3-5C5C1A4F4111}.AppStore|ARM.ActiveCfg = Release|ARM
		{61189A96-1074-4FA5-81C3-5C5C1A4F4111}.AppStore|ARM.Build.0 = Release|ARM
		{61189A96-1074-4FA5-81C3-5C5C1A4F4111}.AppStore|ARM.Deploy.0 = Release|ARM
		{61189A96-1074-4FA5-81C3-5C5C1A4F4111}.AppStore|iPhone.ActiveCfg = Release|Any CPU
		{61189A96-1074-4FA5-81C3-5C5C1A4F4111}.AppStore|iPhone.Build.0 = Release|Any CPU
		{61189A96-1074-4FA5-81C3-5C5C1A4F4111}.AppStore|iPhone.Deploy.0 = Release|Any CPU
		{61189A96-1074-4FA5-81C3-5C5C1A4F4111}.AppStore|iPhoneSimulator.ActiveCfg = Release|Any CPU
		{61189A96-1074-4FA5-81C3-5C5C1A4F4111}.AppStore|iPhoneSimulator.Build.0 = Release|Any CPU
		{61189A96-1074-4FA5-81C3-5C5C1A4F4111}.AppStore|iPhoneSimulator.Deploy.0 = Release|Any CPU
		{61189A96-1074-4FA5-81C3-5C5C1A4F4111}.AppStore|x64.ActiveCfg = Release|x64
		{61189A96-1074-4FA5-81C3-5C5C1A4F4111}.AppStore|x64.Build.0 = Release|x64
		{61189A96-1074-4FA5-81C3-5C5C1A4F4111}.AppStore|x64.Deploy.0 = Release|x64
		{61189A96-1074-4FA5-81C3-5C5C1A4F4111}.AppStore|x86.ActiveCfg = Release|x86
		{61189A96-1074-4FA5-81C3-5C5C1A4F4111}.AppStore|x86.Build.0 = Release|x86
		{61189A96-1074-4FA5-81C3-5C5C1A4F4111}.AppStore|x86.Deploy.0 = Release|x86
		{61189A96-1074-4FA5-81C3-5C5C1A4F4111}.Debug|Any CPU.ActiveCfg = Debug|Any CPU
		{61189A96-1074-4FA5-81C3-5C5C1A4F4111}.Debug|Any CPU.Build.0 = Debug|Any CPU
		{61189A96-1074-4FA5-81C3-5C5C1A4F4111}.Debug|Any CPU.Deploy.0 = Debug|Any CPU
		{61189A96-1074-4FA5-81C3-5C5C1A4F4111}.Debug|ARM.ActiveCfg = Debug|ARM
		{61189A96-1074-4FA5-81C3-5C5C1A4F4111}.Debug|ARM.Build.0 = Debug|ARM
		{61189A96-1074-4FA5-81C3-5C5C1A4F4111}.Debug|ARM.Deploy.0 = Debug|ARM
		{61189A96-1074-4FA5-81C3-5C5C1A4F4111}.Debug|iPhone.ActiveCfg = Debug|Any CPU
		{61189A96-1074-4FA5-81C3-5C5C1A4F4111}.Debug|iPhone.Build.0 = Debug|Any CPU
		{61189A96-1074-4FA5-81C3-5C5C1A4F4111}.Debug|iPhone.Deploy.0 = Debug|Any CPU
		{61189A96-1074-4FA5-81C3-5C5C1A4F4111}.Debug|iPhoneSimulator.ActiveCfg = Debug|Any CPU
		{61189A96-1074-4FA5-81C3-5C5C1A4F4111}.Debug|iPhoneSimulator.Build.0 = Debug|Any CPU
		{61189A96-1074-4FA5-81C3-5C5C1A4F4111}.Debug|iPhoneSimulator.Deploy.0 = Debug|Any CPU
		{61189A96-1074-4FA5-81C3-5C5C1A4F4111}.Debug|x64.ActiveCfg = Debug|x64
		{61189A96-1074-4FA5-81C3-5C5C1A4F4111}.Debug|x64.Build.0 = Debug|x64
		{61189A96-1074-4FA5-81C3-5C5C1A4F4111}.Debug|x64.Deploy.0 = Debug|x64
		{61189A96-1074-4FA5-81C3-5C5C1A4F4111}.Debug|x86.ActiveCfg = Debug|x86
		{61189A96-1074-4FA5-81C3-5C5C1A4F4111}.Debug|x86.Build.0 = Debug|x86
		{61189A96-1074-4FA5-81C3-5C5C1A4F4111}.Debug|x86.Deploy.0 = Debug|x86
		{61189A96-1074-4FA5-81C3-5C5C1A4F4111}.Release|Any CPU.ActiveCfg = Release|Any CPU
		{61189A96-1074-4FA5-81C3-5C5C1A4F4111}.Release|Any CPU.Build.0 = Release|Any CPU
		{61189A96-1074-4FA5-81C3-5C5C1A4F4111}.Release|Any CPU.Deploy.0 = Release|Any CPU
		{61189A96-1074-4FA5-81C3-5C5C1A4F4111}.Release|ARM.ActiveCfg = Release|ARM
		{61189A96-1074-4FA5-81C3-5C5C1A4F4111}.Release|ARM.Build.0 = Release|ARM
		{61189A96-1074-4FA5-81C3-5C5C1A4F4111}.Release|ARM.Deploy.0 = Release|ARM
		{61189A96-1074-4FA5-81C3-5C5C1A4F4111}.Release|iPhone.ActiveCfg = Release|Any CPU
		{61189A96-1074-4FA5-81C3-5C5C1A4F4111}.Release|iPhone.Build.0 = Release|Any CPU
		{61189A96-1074-4FA5-81C3-5C5C1A4F4111}.Release|iPhone.Deploy.0 = Release|Any CPU
		{61189A96-1074-4FA5-81C3-5C5C1A4F4111}.Release|iPhoneSimulator.ActiveCfg = Release|Any CPU
		{61189A96-1074-4FA5-81C3-5C5C1A4F4111}.Release|iPhoneSimulator.Build.0 = Release|Any CPU
		{61189A96-1074-4FA5-81C3-5C5C1A4F4111}.Release|iPhoneSimulator.Deploy.0 = Release|Any CPU
		{61189A96-1074-4FA5-81C3-5C5C1A4F4111}.Release|x64.ActiveCfg = Release|x64
		{61189A96-1074-4FA5-81C3-5C5C1A4F4111}.Release|x64.Build.0 = Release|x64
		{61189A96-1074-4FA5-81C3-5C5C1A4F4111}.Release|x64.Deploy.0 = Release|x64
		{61189A96-1074-4FA5-81C3-5C5C1A4F4111}.Release|x86.ActiveCfg = Release|x86
		{61189A96-1074-4FA5-81C3-5C5C1A4F4111}.Release|x86.Build.0 = Release|x86
		{61189A96-1074-4FA5-81C3-5C5C1A4F4111}.Release|x86.Deploy.0 = Release|x86
		{BAF6E464-71E7-45AC-9A1B-31DC84CDFE10}.Ad-Hoc|Any CPU.ActiveCfg = Release|Any CPU
		{BAF6E464-71E7-45AC-9A1B-31DC84CDFE10}.Ad-Hoc|Any CPU.Build.0 = Release|Any CPU
		{BAF6E464-71E7-45AC-9A1B-31DC84CDFE10}.Ad-Hoc|Any CPU.Deploy.0 = Release|Any CPU
		{BAF6E464-71E7-45AC-9A1B-31DC84CDFE10}.Ad-Hoc|ARM.ActiveCfg = Release|ARM
		{BAF6E464-71E7-45AC-9A1B-31DC84CDFE10}.Ad-Hoc|ARM.Build.0 = Release|ARM
		{BAF6E464-71E7-45AC-9A1B-31DC84CDFE10}.Ad-Hoc|ARM.Deploy.0 = Release|ARM
		{BAF6E464-71E7-45AC-9A1B-31DC84CDFE10}.Ad-Hoc|iPhone.ActiveCfg = Release|Any CPU
		{BAF6E464-71E7-45AC-9A1B-31DC84CDFE10}.Ad-Hoc|iPhone.Build.0 = Release|Any CPU
		{BAF6E464-71E7-45AC-9A1B-31DC84CDFE10}.Ad-Hoc|iPhone.Deploy.0 = Release|Any CPU
		{BAF6E464-71E7-45AC-9A1B-31DC84CDFE10}.Ad-Hoc|iPhoneSimulator.ActiveCfg = Release|Any CPU
		{BAF6E464-71E7-45AC-9A1B-31DC84CDFE10}.Ad-Hoc|iPhoneSimulator.Build.0 = Release|Any CPU
		{BAF6E464-71E7-45AC-9A1B-31DC84CDFE10}.Ad-Hoc|iPhoneSimulator.Deploy.0 = Release|Any CPU
		{BAF6E464-71E7-45AC-9A1B-31DC84CDFE10}.Ad-Hoc|x64.ActiveCfg = Release|Any CPU
		{BAF6E464-71E7-45AC-9A1B-31DC84CDFE10}.Ad-Hoc|x64.Build.0 = Release|Any CPU
		{BAF6E464-71E7-45AC-9A1B-31DC84CDFE10}.Ad-Hoc|x64.Deploy.0 = Release|Any CPU
		{BAF6E464-71E7-45AC-9A1B-31DC84CDFE10}.Ad-Hoc|x86.ActiveCfg = Release|x86
		{BAF6E464-71E7-45AC-9A1B-31DC84CDFE10}.Ad-Hoc|x86.Build.0 = Release|x86
		{BAF6E464-71E7-45AC-9A1B-31DC84CDFE10}.Ad-Hoc|x86.Deploy.0 = Release|x86
		{BAF6E464-71E7-45AC-9A1B-31DC84CDFE10}.AppStore|Any CPU.ActiveCfg = Release|Any CPU
		{BAF6E464-71E7-45AC-9A1B-31DC84CDFE10}.AppStore|Any CPU.Build.0 = Release|Any CPU
		{BAF6E464-71E7-45AC-9A1B-31DC84CDFE10}.AppStore|Any CPU.Deploy.0 = Release|Any CPU
		{BAF6E464-71E7-45AC-9A1B-31DC84CDFE10}.AppStore|ARM.ActiveCfg = Release|ARM
		{BAF6E464-71E7-45AC-9A1B-31DC84CDFE10}.AppStore|ARM.Build.0 = Release|ARM
		{BAF6E464-71E7-45AC-9A1B-31DC84CDFE10}.AppStore|ARM.Deploy.0 = Release|ARM
		{BAF6E464-71E7-45AC-9A1B-31DC84CDFE10}.AppStore|iPhone.ActiveCfg = Release|Any CPU
		{BAF6E464-71E7-45AC-9A1B-31DC84CDFE10}.AppStore|iPhone.Build.0 = Release|Any CPU
		{BAF6E464-71E7-45AC-9A1B-31DC84CDFE10}.AppStore|iPhone.Deploy.0 = Release|Any CPU
		{BAF6E464-71E7-45AC-9A1B-31DC84CDFE10}.AppStore|iPhoneSimulator.ActiveCfg = Release|Any CPU
		{BAF6E464-71E7-45AC-9A1B-31DC84CDFE10}.AppStore|iPhoneSimulator.Build.0 = Release|Any CPU
		{BAF6E464-71E7-45AC-9A1B-31DC84CDFE10}.AppStore|iPhoneSimulator.Deploy.0 = Release|Any CPU
		{BAF6E464-71E7-45AC-9A1B-31DC84CDFE10}.AppStore|x64.ActiveCfg = Release|Any CPU
		{BAF6E464-71E7-45AC-9A1B-31DC84CDFE10}.AppStore|x64.Build.0 = Release|Any CPU
		{BAF6E464-71E7-45AC-9A1B-31DC84CDFE10}.AppStore|x64.Deploy.0 = Release|Any CPU
		{BAF6E464-71E7-45AC-9A1B-31DC84CDFE10}.AppStore|x86.ActiveCfg = Release|x86
		{BAF6E464-71E7-45AC-9A1B-31DC84CDFE10}.AppStore|x86.Build.0 = Release|x86
		{BAF6E464-71E7-45AC-9A1B-31DC84CDFE10}.AppStore|x86.Deploy.0 = Release|x86
		{BAF6E464-71E7-45AC-9A1B-31DC84CDFE10}.Debug|Any CPU.ActiveCfg = Debug|Any CPU
		{BAF6E464-71E7-45AC-9A1B-31DC84CDFE10}.Debug|Any CPU.Build.0 = Debug|Any CPU
		{BAF6E464-71E7-45AC-9A1B-31DC84CDFE10}.Debug|Any CPU.Deploy.0 = Debug|Any CPU
		{BAF6E464-71E7-45AC-9A1B-31DC84CDFE10}.Debug|ARM.ActiveCfg = Debug|ARM
		{BAF6E464-71E7-45AC-9A1B-31DC84CDFE10}.Debug|ARM.Build.0 = Debug|ARM
		{BAF6E464-71E7-45AC-9A1B-31DC84CDFE10}.Debug|ARM.Deploy.0 = Debug|ARM
		{BAF6E464-71E7-45AC-9A1B-31DC84CDFE10}.Debug|iPhone.ActiveCfg = Debug|Any CPU
		{BAF6E464-71E7-45AC-9A1B-31DC84CDFE10}.Debug|iPhone.Build.0 = Debug|Any CPU
		{BAF6E464-71E7-45AC-9A1B-31DC84CDFE10}.Debug|iPhone.Deploy.0 = Debug|Any CPU
		{BAF6E464-71E7-45AC-9A1B-31DC84CDFE10}.Debug|iPhoneSimulator.ActiveCfg = Debug|Any CPU
		{BAF6E464-71E7-45AC-9A1B-31DC84CDFE10}.Debug|iPhoneSimulator.Build.0 = Debug|Any CPU
		{BAF6E464-71E7-45AC-9A1B-31DC84CDFE10}.Debug|iPhoneSimulator.Deploy.0 = Debug|Any CPU
		{BAF6E464-71E7-45AC-9A1B-31DC84CDFE10}.Debug|x64.ActiveCfg = Debug|Any CPU
		{BAF6E464-71E7-45AC-9A1B-31DC84CDFE10}.Debug|x64.Build.0 = Debug|Any CPU
		{BAF6E464-71E7-45AC-9A1B-31DC84CDFE10}.Debug|x64.Deploy.0 = Debug|Any CPU
		{BAF6E464-71E7-45AC-9A1B-31DC84CDFE10}.Debug|x86.ActiveCfg = Debug|x86
		{BAF6E464-71E7-45AC-9A1B-31DC84CDFE10}.Debug|x86.Build.0 = Debug|x86
		{BAF6E464-71E7-45AC-9A1B-31DC84CDFE10}.Debug|x86.Deploy.0 = Debug|x86
		{BAF6E464-71E7-45AC-9A1B-31DC84CDFE10}.Release|Any CPU.ActiveCfg = Release|Any CPU
		{BAF6E464-71E7-45AC-9A1B-31DC84CDFE10}.Release|Any CPU.Build.0 = Release|Any CPU
		{BAF6E464-71E7-45AC-9A1B-31DC84CDFE10}.Release|Any CPU.Deploy.0 = Release|Any CPU
		{BAF6E464-71E7-45AC-9A1B-31DC84CDFE10}.Release|ARM.ActiveCfg = Release|ARM
		{BAF6E464-71E7-45AC-9A1B-31DC84CDFE10}.Release|ARM.Build.0 = Release|ARM
		{BAF6E464-71E7-45AC-9A1B-31DC84CDFE10}.Release|ARM.Deploy.0 = Release|ARM
		{BAF6E464-71E7-45AC-9A1B-31DC84CDFE10}.Release|iPhone.ActiveCfg = Release|Any CPU
		{BAF6E464-71E7-45AC-9A1B-31DC84CDFE10}.Release|iPhone.Build.0 = Release|Any CPU
		{BAF6E464-71E7-45AC-9A1B-31DC84CDFE10}.Release|iPhone.Deploy.0 = Release|Any CPU
		{BAF6E464-71E7-45AC-9A1B-31DC84CDFE10}.Release|iPhoneSimulator.ActiveCfg = Release|Any CPU
		{BAF6E464-71E7-45AC-9A1B-31DC84CDFE10}.Release|iPhoneSimulator.Build.0 = Release|Any CPU
		{BAF6E464-71E7-45AC-9A1B-31DC84CDFE10}.Release|iPhoneSimulator.Deploy.0 = Release|Any CPU
		{BAF6E464-71E7-45AC-9A1B-31DC84CDFE10}.Release|x64.ActiveCfg = Release|Any CPU
		{BAF6E464-71E7-45AC-9A1B-31DC84CDFE10}.Release|x64.Build.0 = Release|Any CPU
		{BAF6E464-71E7-45AC-9A1B-31DC84CDFE10}.Release|x64.Deploy.0 = Release|Any CPU
		{BAF6E464-71E7-45AC-9A1B-31DC84CDFE10}.Release|x86.ActiveCfg = Release|x86
		{BAF6E464-71E7-45AC-9A1B-31DC84CDFE10}.Release|x86.Build.0 = Release|x86
		{BAF6E464-71E7-45AC-9A1B-31DC84CDFE10}.Release|x86.Deploy.0 = Release|x86
	EndGlobalSection
	GlobalSection(SolutionProperties) = preSolution
		HideSolutionNode = FALSE
	EndGlobalSection
EndGlobal
